Microsoft Visual Studio Solution File, Format Version 12.00
# Visual Studio Version 17
VisualStudioVersion = 17.5.2.0
MinimumVisualStudioVersion = 10.0.40219.1
Project("{FAE04EC0-301F-11D3-BF4B-00C04F79EFBC}") = "SharePointMirror", "source\SharePointMirror.csproj", "{E789063B-38C8-3EBB-4A1C-2D64C01A7440}"
EndProject
Global
	GlobalSection(SolutionConfigurationPlatforms) = preSolution
		Debug|Any CPU = Debug|Any CPU
		Release|Any CPU = Release|Any CPU
	EndGlobalSection
	GlobalSection(ProjectConfigurationPlatforms) = postSolution
		{E789063B-38C8-3EBB-4A1C-2D64C01A7440}.Debug|Any CPU.ActiveCfg = Debug|Any CPU
		{E789063B-38C8-3EBB-4A1C-2D64C01A7440}.Debug|Any CPU.Build.0 = Debug|Any CPU
		{E789063B-38C8-3EBB-4A1C-2D64C01A7440}.Release|Any CPU.ActiveCfg = Release|Any CPU
		{E789063B-38C8-3EBB-4A1C-2D64C01A7440}.Release|Any CPU.Build.0 = Release|Any CPU
	EndGlobalSection
	GlobalSection(SolutionProperties) = preSolution
		HideSolutionNode = FALSE
	EndGlobalSection
	GlobalSection(ExtensibilityGlobals) = postSolution
		SolutionGuid = {AC70794B-10E4-4707-82C7-E8F75C53A920}
	EndGlobalSection
EndGlobal
